
Microsoft Visual Studio Solution File, Format Version 12.00
# Visual Studio Version 17
VisualStudioVersion = 17.3.32825.248
MinimumVisualStudioVersion = 10.0.40219.1
Project("{8BC9CEB8-8B4A-11D0-8D11-00A0C91BC942}") = "Cuda_Example2_2", "Cuda_Example2_2\Cuda_Example2_2.vcxproj", "{F5A2284F-67CC-4F74-B2AE-7217615479F0}"
EndProject
Global
	GlobalSection(SolutionConfigurationPlatforms) = preSolution
		Debug|x64 = Debug|x64
		Release|x64 = Release|x64
	EndGlobalSection
	GlobalSection(ProjectConfigurationPlatforms) = postSolution
		{F5A2284F-67CC-4F74-B2AE-7217615479F0}.Debug|x64.ActiveCfg = Debug|x64
		{F5A2284F-67CC-4F74-B2AE-7217615479F0}.Debug|x64.Build.0 = Debug|x64
		{F5A2284F-67CC-4F74-B2AE-7217615479F0}.Release|x64.ActiveCfg = Release|x64
		{F5A2284F-67CC-4F74-B2AE-7217615479F0}.Release|x64.Build.0 = Release|x64
	EndGlobalSection
	GlobalSection(SolutionProperties) = preSolution
		HideSolutionNode = FALSE
	EndGlobalSection
	GlobalSection(ExtensibilityGlobals) = postSolution
		SolutionGuid = {6799E60E-A51D-4B65-A871-6A7481B5696E}
	EndGlobalSection
EndGlobal
